
Microsoft Visual Studio Solution File, Format Version 12.00
# Visual Studio Version 16
VisualStudioVersion = 16.0.30114.105
MinimumVisualStudioVersion = 10.0.40219.1
Project("{FAE04EC0-301F-11D3-BF4B-00C04F79EFBC}") = "Fragesport", "Fragesport\Fragesport.csproj", "{34A0AAE2-6645-4B16-9335-9ACB15E5DC61}"
EndProject
Global
	GlobalSection(SolutionConfigurationPlatforms) = preSolution
		Debug|Any CPU = Debug|Any CPU
		Release|Any CPU = Release|Any CPU
	EndGlobalSection
	GlobalSection(SolutionProperties) = preSolution
		HideSolutionNode = FALSE
	EndGlobalSection
	GlobalSection(ProjectConfigurationPlatforms) = postSolution
		{34A0AAE2-6645-4B16-9335-9ACB15E5DC61}.Debug|Any CPU.ActiveCfg = Debug|Any CPU
		{34A0AAE2-6645-4B16-9335-9ACB15E5DC61}.Debug|Any CPU.Build.0 = Debug|Any CPU
		{34A0AAE2-6645-4B16-9335-9ACB15E5DC61}.Release|Any CPU.ActiveCfg = Release|Any CPU
		{34A0AAE2-6645-4B16-9335-9ACB15E5DC61}.Release|Any CPU.Build.0 = Release|Any CPU
	EndGlobalSection
EndGlobal
